// !$*UTF8*$!
{
	archiveVersion = 1;
	classes = {
	};
	objectVersion = 51;
	objects = {

/* Begin PBXBuildFile section */
		6D11DBDD23F01F4C007E2D92 /* BatsmanCell.swift in Sources */ = {isa = PBXBuildFile; fileRef = 6D11DBDC23F01F4C007E2D92 /* BatsmanCell.swift */; };
		6D11DBDF23F02F2C007E2D92 /* ExtrasCell.swift in Sources */ = {isa = PBXBuildFile; fileRef = 6D11DBDE23F02F2C007E2D92 /* ExtrasCell.swift */; };
		6D14285E23F7A9FD00AEB876 /* BowlerCell.swift in Sources */ = {isa = PBXBuildFile; fileRef = 6D14285D23F7A9FD00AEB876 /* BowlerCell.swift */; };
		6D14286023F7BC6600AEB876 /* InngCell.swift in Sources */ = {isa = PBXBuildFile; fileRef = 6D14285F23F7BC6600AEB876 /* InngCell.swift */; };
		6D14286323F7CA2600AEB876 /* AppUtils.swift in Sources */ = {isa = PBXBuildFile; fileRef = 6D14286223F7CA2600AEB876 /* AppUtils.swift */; };
		6D62610323EAB80F008407D0 /* AppDelegate.swift in Sources */ = {isa = PBXBuildFile; fileRef = 6D62610223EAB80F008407D0 /* AppDelegate.swift */; };
		6D62610523EAB80F008407D0 /* ViewController.swift in Sources */ = {isa = PBXBuildFile; fileRef = 6D62610423EAB80F008407D0 /* ViewController.swift */; };
		6D62610823EAB80F008407D0 /* Main.storyboard in Resources */ = {isa = PBXBuildFile; fileRef = 6D62610623EAB80F008407D0 /* Main.storyboard */; };
		6D62610A23EAB811008407D0 /* Assets.xcassets in Resources */ = {isa = PBXBuildFile; fileRef = 6D62610923EAB811008407D0 /* Assets.xcassets */; };
		6D62610D23EAB811008407D0 /* LaunchScreen.storyboard in Resources */ = {isa = PBXBuildFile; fileRef = 6D62610B23EAB811008407D0 /* LaunchScreen.storyboard */; };
		6D69DCE123EEB8320070D353 /* SeriesVC.swift in Sources */ = {isa = PBXBuildFile; fileRef = 6D69DCE023EEB8320070D353 /* SeriesVC.swift */; };
		6D69DCE323EEBF740070D353 /* SeriesCell.swift in Sources */ = {isa = PBXBuildFile; fileRef = 6D69DCE223EEBF740070D353 /* SeriesCell.swift */; };
		6D69DCE723EEC8190070D353 /* ScoreboardVC.swift in Sources */ = {isa = PBXBuildFile; fileRef = 6D69DCE623EEC8190070D353 /* ScoreboardVC.swift */; };
		6D69DCE923EECEB20070D353 /* DataModel.swift in Sources */ = {isa = PBXBuildFile; fileRef = 6D69DCE823EECEB20070D353 /* DataModel.swift */; };
		6D8D748323F84127009C668A /* ComInngCell.swift in Sources */ = {isa = PBXBuildFile; fileRef = 6D8D748223F84127009C668A /* ComInngCell.swift */; };
		6D8D748523F8413F009C668A /* CommOverCell.swift in Sources */ = {isa = PBXBuildFile; fileRef = 6D8D748423F8413F009C668A /* CommOverCell.swift */; };
		6DB0A37A23EDCDB5009541BB /* CricketCell.swift in Sources */ = {isa = PBXBuildFile; fileRef = 6DB0A37923EDCDB5009541BB /* CricketCell.swift */; };
		6DFD39CC23F817FB002B2EFA /* CommentryVC.swift in Sources */ = {isa = PBXBuildFile; fileRef = 6DFD39CB23F817FB002B2EFA /* CommentryVC.swift */; };
		7521CE449220BF6D32B732A7 /* Pods_AllOne.framework in Frameworks */ = {isa = PBXBuildFile; fileRef = DCE32E68D87C8E1EE2B81D90 /* Pods_AllOne.framework */; };
/* End PBXBuildFile section */

/* Begin PBXFileReference section */
		6D11DBDC23F01F4C007E2D92 /* BatsmanCell.swift */ = {isa = PBXFileReference; lastKnownFileType = sourcecode.swift; path = BatsmanCell.swift; sourceTree = "<group>"; };
		6D11DBDE23F02F2C007E2D92 /* ExtrasCell.swift */ = {isa = PBXFileReference; lastKnownFileType = sourcecode.swift; path = ExtrasCell.swift; sourceTree = "<group>"; };
		6D14285D23F7A9FD00AEB876 /* BowlerCell.swift */ = {isa = PBXFileReference; lastKnownFileType = sourcecode.swift; path = BowlerCell.swift; sourceTree = "<group>"; };
		6D14285F23F7BC6600AEB876 /* InngCell.swift */ = {isa = PBXFileReference; lastKnownFileType = sourcecode.swift; path = InngCell.swift; sourceTree = "<group>"; };
		6D14286223F7CA2600AEB876 /* AppUtils.swift */ = {isa = PBXFileReference; lastKnownFileType = sourcecode.swift; path = AppUtils.swift; sourceTree = "<group>"; };
		6D6260FF23EAB80F008407D0 /* AllOne.app */ = {isa = PBXFileReference; explicitFileType = wrapper.application; includeInIndex = 0; path = AllOne.app; sourceTree = BUILT_PRODUCTS_DIR; };
		6D62610223EAB80F008407D0 /* AppDelegate.swift */ = {isa = PBXFileReference; lastKnownFileType = sourcecode.swift; path = AppDelegate.swift; sourceTree = "<group>"; };
		6D62610423EAB80F008407D0 /* ViewController.swift */ = {isa = PBXFileReference; lastKnownFileType = sourcecode.swift; path = ViewController.swift; sourceTree = "<group>"; };
		6D62610723EAB80F008407D0 /* Base */ = {isa = PBXFileReference; lastKnownFileType = file.storyboard; name = Base; path = Base.lproj/Main.storyboard; sourceTree = "<group>"; };
		6D62610923EAB811008407D0 /* Assets.xcassets */ = {isa = PBXFileReference; lastKnownFileType = folder.assetcatalog; path = Assets.xcassets; sourceTree = "<group>"; };
		6D62610C23EAB811008407D0 /* Base */ = {isa = PBXFileReference; lastKnownFileType = file.storyboard; name = Base; path = Base.lproj/LaunchScreen.storyboard; sourceTree = "<group>"; };
		6D62610E23EAB811008407D0 /* Info.plist */ = {isa = PBXFileReference; lastKnownFileType = text.plist.xml; path = Info.plist; sourceTree = "<group>"; };
		6D69DCE023EEB8320070D353 /* SeriesVC.swift */ = {isa = PBXFileReference; lastKnownFileType = sourcecode.swift; path = SeriesVC.swift; sourceTree = "<group>"; };
		6D69DCE223EEBF740070D353 /* SeriesCell.swift */ = {isa = PBXFileReference; lastKnownFileType = sourcecode.swift; path = SeriesCell.swift; sourceTree = "<group>"; };
		6D69DCE623EEC8190070D353 /* ScoreboardVC.swift */ = {isa = PBXFileReference; lastKnownFileType = sourcecode.swift; path = ScoreboardVC.swift; sourceTree = "<group>"; };
		6D69DCE823EECEB20070D353 /* DataModel.swift */ = {isa = PBXFileReference; lastKnownFileType = sourcecode.swift; path = DataModel.swift; sourceTree = "<group>"; };
		6D8D748223F84127009C668A /* ComInngCell.swift */ = {isa = PBXFileReference; lastKnownFileType = sourcecode.swift; path = ComInngCell.swift; sourceTree = "<group>"; };
		6D8D748423F8413F009C668A /* CommOverCell.swift */ = {isa = PBXFileReference; lastKnownFileType = sourcecode.swift; path = CommOverCell.swift; sourceTree = "<group>"; };
		6DB0A37923EDCDB5009541BB /* CricketCell.swift */ = {isa = PBXFileReference; lastKnownFileType = sourcecode.swift; path = CricketCell.swift; sourceTree = "<group>"; };
		6DFD39CB23F817FB002B2EFA /* CommentryVC.swift */ = {isa = PBXFileReference; lastKnownFileType = sourcecode.swift; path = CommentryVC.swift; sourceTree = "<group>"; };
		BDD0ABC06CFE12059F14C9D7 /* Pods-AllOne.release.xcconfig */ = {isa = PBXFileReference; includeInIndex = 1; lastKnownFileType = text.xcconfig; name = "Pods-AllOne.release.xcconfig"; path = "Target Support Files/Pods-AllOne/Pods-AllOne.release.xcconfig"; sourceTree = "<group>"; };
		DCE32E68D87C8E1EE2B81D90 /* Pods_AllOne.framework */ = {isa = PBXFileReference; explicitFileType = wrapper.framework; includeInIndex = 0; path = Pods_AllOne.framework; sourceTree = BUILT_PRODUCTS_DIR; };
		E4688123A82A53132E39318B /* Pods-AllOne.debug.xcconfig */ = {isa = PBXFileReference; includeInIndex = 1; lastKnownFileType = text.xcconfig; name = "Pods-AllOne.debug.xcconfig"; path = "Target Support Files/Pods-AllOne/Pods-AllOne.debug.xcconfig"; sourceTree = "<group>"; };
/* End PBXFileReference section */

/* Begin PBXFrameworksBuildPhase section */
		6D6260FC23EAB80F008407D0 /* Frameworks */ = {
			isa = PBXFrameworksBuildPhase;
			buildActionMask = 2147483647;
			files = (
				7521CE449220BF6D32B732A7 /* Pods_AllOne.framework in Frameworks */,
			);
			runOnlyForDeploymentPostprocessing = 0;
		};
/* End PBXFrameworksBuildPhase section */

/* Begin PBXGroup section */
		3B0060877D3DD2A40BF72A9E /* Pods */ = {
			isa = PBXGroup;
			children = (
				E4688123A82A53132E39318B /* Pods-AllOne.debug.xcconfig */,
				BDD0ABC06CFE12059F14C9D7 /* Pods-AllOne.release.xcconfig */,
			);
			path = Pods;
			sourceTree = "<group>";
		};
		6D14286123F7CA0700AEB876 /* Utils */ = {
			isa = PBXGroup;
			children = (
				6D14286223F7CA2600AEB876 /* AppUtils.swift */,
			);
			path = Utils;
			sourceTree = "<group>";
		};
		6D6260F623EAB80F008407D0 = {
			isa = PBXGroup;
			children = (
				6D62610123EAB80F008407D0 /* AllOne */,
				6D62610023EAB80F008407D0 /* Products */,
				3B0060877D3DD2A40BF72A9E /* Pods */,
				939A483379DA2FC71D12B206 /* Frameworks */,
			);
			sourceTree = "<group>";
		};
		6D62610023EAB80F008407D0 /* Products */ = {
			isa = PBXGroup;
			children = (
				6D6260FF23EAB80F008407D0 /* AllOne.app */,
			);
			name = Products;
			sourceTree = "<group>";
		};
		6D62610123EAB80F008407D0 /* AllOne */ = {
			isa = PBXGroup;
			children = (
				6D14286123F7CA0700AEB876 /* Utils */,
				6D62610223EAB80F008407D0 /* AppDelegate.swift */,
				6D62610423EAB80F008407D0 /* ViewController.swift */,
				6DFD39CA23F817E6002B2EFA /* Commentry */,
				6DB0A37923EDCDB5009541BB /* CricketCell.swift */,
				6D69DCE823EECEB20070D353 /* DataModel.swift */,
				6D69DCE423EEC7EF0070D353 /* Series */,
				6D69DCE523EEC7FD0070D353 /* Scoreboard */,
				6D62610623EAB80F008407D0 /* Main.storyboard */,
				6D62610923EAB811008407D0 /* Assets.xcassets */,
				6D62610B23EAB811008407D0 /* LaunchScreen.storyboard */,
				6D62610E23EAB811008407D0 /* Info.plist */,
			);
			path = AllOne;
			sourceTree = "<group>";
		};
		6D69DCE423EEC7EF0070D353 /* Series */ = {
			isa = PBXGroup;
			children = (
				6D69DCE023EEB8320070D353 /* SeriesVC.swift */,
				6D69DCE223EEBF740070D353 /* SeriesCell.swift */,
			);
			path = Series;
			sourceTree = "<group>";
		};
		6D69DCE523EEC7FD0070D353 /* Scoreboard */ = {
			isa = PBXGroup;
			children = (
				6D69DCE623EEC8190070D353 /* ScoreboardVC.swift */,
				6D11DBDC23F01F4C007E2D92 /* BatsmanCell.swift */,
				6D11DBDE23F02F2C007E2D92 /* ExtrasCell.swift */,
				6D14285D23F7A9FD00AEB876 /* BowlerCell.swift */,
				6D14285F23F7BC6600AEB876 /* InngCell.swift */,
			);
			path = Scoreboard;
			sourceTree = "<group>";
		};
		6DFD39CA23F817E6002B2EFA /* Commentry */ = {
			isa = PBXGroup;
			children = (
				6DFD39CB23F817FB002B2EFA /* CommentryVC.swift */,
				6D8D748223F84127009C668A /* ComInngCell.swift */,
				6D8D748423F8413F009C668A /* CommOverCell.swift */,
			);
			path = Commentry;
			sourceTree = "<group>";
		};
		939A483379DA2FC71D12B206 /* Frameworks */ = {
			isa = PBXGroup;
			children = (
				DCE32E68D87C8E1EE2B81D90 /* Pods_AllOne.framework */,
			);
			name = Frameworks;
			sourceTree = "<group>";
		};
/* End PBXGroup section */

/* Begin PBXNativeTarget section */
		6D6260FE23EAB80F008407D0 /* AllOne */ = {
			isa = PBXNativeTarget;
			buildConfigurationList = 6D62611123EAB811008407D0 /* Build configuration list for PBXNativeTarget "AllOne" */;
			buildPhases = (
				516FF5A37EB2B4FEF7A04E6E /* [CP] Check Pods Manifest.lock */,
				6D6260FB23EAB80F008407D0 /* Sources */,
				6D6260FC23EAB80F008407D0 /* Frameworks */,
				6D6260FD23EAB80F008407D0 /* Resources */,
				47E66D7872D17DAC74D263AD /* [CP] Embed Pods Frameworks */,
			);
			buildRules = (
			);
			dependencies = (
			);
			name = AllOne;
			productName = AllOne;
			productReference = 6D6260FF23EAB80F008407D0 /* AllOne.app */;
			productType = "com.apple.product-type.application";
		};
/* End PBXNativeTarget section */

/* Begin PBXProject section */
		6D6260F723EAB80F008407D0 /* Project object */ = {
			isa = PBXProject;
			attributes = {
				LastSwiftUpdateCheck = 1030;
				LastUpgradeCheck = 1030;
				ORGANIZATIONNAME = Absoluit;
				TargetAttributes = {
					6D6260FE23EAB80F008407D0 = {
						CreatedOnToolsVersion = 10.3;
					};
				};
			};
			buildConfigurationList = 6D6260FA23EAB80F008407D0 /* Build configuration list for PBXProject "AllOne" */;
			compatibilityVersion = "Xcode 9.3";
			developmentRegion = en;
			hasScannedForEncodings = 0;
			knownRegions = (
				en,
				Base,
			);
			mainGroup = 6D6260F623EAB80F008407D0;
			productRefGroup = 6D62610023EAB80F008407D0 /* Products */;
			projectDirPath = "";
			projectRoot = "";
			targets = (
				6D6260FE23EAB80F008407D0 /* AllOne */,
			);
		};
/* End PBXProject section */

/* Begin PBXResourcesBuildPhase section */
		6D6260FD23EAB80F008407D0 /* Resources */ = {
			isa = PBXResourcesBuildPhase;
			buildActionMask = 2147483647;
			files = (
				6D62610D23EAB811008407D0 /* LaunchScreen.storyboard in Resources */,
				6D62610A23EAB811008407D0 /* Assets.xcassets in Resources */,
				6D62610823EAB80F008407D0 /* Main.storyboard in Resources */,
			);
			runOnlyForDeploymentPostprocessing = 0;
		};
/* End PBXResourcesBuildPhase section */

/* Begin PBXShellScriptBuildPhase section */
		47E66D7872D17DAC74D263AD /* [CP] Embed Pods Frameworks */ = {
			isa = PBXShellScriptBuildPhase;
			buildActionMask = 2147483647;
			files = (
			);
			inputFileListPaths = (
				"${PODS_ROOT}/Target Support Files/Pods-AllOne/Pods-AllOne-frameworks-${CONFIGURATION}-input-files.xcfilelist",
			);
			name = "[CP] Embed Pods Frameworks";
			outputFileListPaths = (
				"${PODS_ROOT}/Target Support Files/Pods-AllOne/Pods-AllOne-frameworks-${CONFIGURATION}-output-files.xcfilelist",
			);
			runOnlyForDeploymentPostprocessing = 0;
			shellPath = /bin/sh;
			shellScript = "\"${PODS_ROOT}/Target Support Files/Pods-AllOne/Pods-AllOne-frameworks.sh\"\n";
			showEnvVarsInLog = 0;
		};
		516FF5A37EB2B4FEF7A04E6E /* [CP] Check Pods Manifest.lock */ = {
			isa = PBXShellScriptBuildPhase;
			buildActionMask = 2147483647;
			files = (
			);
			inputFileListPaths = (
			);
			inputPaths = (
				"${PODS_PODFILE_DIR_PATH}/Podfile.lock",
				"${PODS_ROOT}/Manifest.lock",
			);
			name = "[CP] Check Pods Manifest.lock";
			outputFileListPaths = (
			);
			outputPaths = (
				"$(DERIVED_FILE_DIR)/Pods-AllOne-checkManifestLockResult.txt",
			);
			runOnlyForDeploymentPostprocessing = 0;
			shellPath = /bin/sh;
			shellScript = "diff \"${PODS_PODFILE_DIR_PATH}/Podfile.lock\" \"${PODS_ROOT}/Manifest.lock\" > /dev/null\nif [ $? != 0 ] ; then\n    # print error to STDERR\n    echo \"error: The sandbox is not in sync with the Podfile.lock. Run 'pod install' or update your CocoaPods installation.\" >&2\n    exit 1\nfi\n# This output is used by Xcode 'outputs' to avoid re-running this script phase.\necho \"SUCCESS\" > \"${SCRIPT_OUTPUT_FILE_0}\"\n";
			showEnvVarsInLog = 0;
		};
/* End PBXShellScriptBuildPhase section */

/* Begin PBXSourcesBuildPhase section */
		6D6260FB23EAB80F008407D0 /* Sources */ = {
			isa = PBXSourcesBuildPhase;
			buildActionMask = 2147483647;
			files = (
				6D11DBDF23F02F2C007E2D92 /* ExtrasCell.swift in Sources */,
				6D8D748323F84127009C668A /* ComInngCell.swift in Sources */,
				6D69DCE923EECEB20070D353 /* DataModel.swift in Sources */,
				6D69DCE723EEC8190070D353 /* ScoreboardVC.swift in Sources */,
				6D14286323F7CA2600AEB876 /* AppUtils.swift in Sources */,
				6D11DBDD23F01F4C007E2D92 /* BatsmanCell.swift in Sources */,
				6D69DCE323EEBF740070D353 /* SeriesCell.swift in Sources */,
				6DB0A37A23EDCDB5009541BB /* CricketCell.swift in Sources */,
				6D69DCE123EEB8320070D353 /* SeriesVC.swift in Sources */,
				6D62610523EAB80F008407D0 /* ViewController.swift in Sources */,
				6DFD39CC23F817FB002B2EFA /* CommentryVC.swift in Sources */,
				6D14285E23F7A9FD00AEB876 /* BowlerCell.swift in Sources */,
				6D62610323EAB80F008407D0 /* AppDelegate.swift in Sources */,
				6D8D748523F8413F009C668A /* CommOverCell.swift in Sources */,
				6D14286023F7BC6600AEB876 /* InngCell.swift in Sources */,
			);
			runOnlyForDeploymentPostprocessing = 0;
		};
/* End PBXSourcesBuildPhase section */

/* Begin PBXVariantGroup section */
		6D62610623EAB80F008407D0 /* Main.storyboard */ = {
			isa = PBXVariantGroup;
			children = (
				6D62610723EAB80F008407D0 /* Base */,
			);
			name = Main.storyboard;
			sourceTree = "<group>";
		};
		6D62610B23EAB811008407D0 /* LaunchScreen.storyboard */ = {
			isa = PBXVariantGroup;
			children = (
				6D62610C23EAB811008407D0 /* Base */,
			);
			name = LaunchScreen.storyboard;
			sourceTree = "<group>";
		};
/* End PBXVariantGroup section */

/* Begin XCBuildConfiguration section */
		6D62610F23EAB811008407D0 /* Debug */ = {
			isa = XCBuildConfiguration;
			buildSettings = {
				ALWAYS_SEARCH_USER_PATHS = NO;
				CLANG_ANALYZER_NONNULL = YES;
				CLANG_ANALYZER_NUMBER_OBJECT_CONVERSION = YES_AGGRESSIVE;
				CLANG_CXX_LANGUAGE_STANDARD = "gnu++14";
				CLANG_CXX_LIBRARY = "libc++";
				CLANG_ENABLE_MODULES = YES;
				CLANG_ENABLE_OBJC_ARC = YES;
				CLANG_ENABLE_OBJC_WEAK = YES;
				CLANG_WARN_BLOCK_CAPTURE_AUTORELEASING = YES;
				CLANG_WARN_BOOL_CONVERSION = YES;
				CLANG_WARN_COMMA = YES;
				CLANG_WARN_CONSTANT_CONVERSION = YES;
				CLANG_WARN_DEPRECATED_OBJC_IMPLEMENTATIONS = YES;
				CLANG_WARN_DIRECT_OBJC_ISA_USAGE = YES_ERROR;
				CLANG_WARN_DOCUMENTATION_COMMENTS = YES;
				CLANG_WARN_EMPTY_BODY = YES;
				CLANG_WARN_ENUM_CONVERSION = YES;
				CLANG_WARN_INFINITE_RECURSION = YES;
				CLANG_WARN_INT_CONVERSION = YES;
				CLANG_WARN_NON_LITERAL_NULL_CONVERSION = YES;
				CLANG_WARN_OBJC_IMPLICIT_RETAIN_SELF = YES;
				CLANG_WARN_OBJC_LITERAL_CONVERSION = YES;
				CLANG_WARN_OBJC_ROOT_CLASS = YES_ERROR;
				CLANG_WARN_RANGE_LOOP_ANALYSIS = YES;
				CLANG_WARN_STRICT_PROTOTYPES = YES;
				CLANG_WARN_SUSPICIOUS_MOVE = YES;
				CLANG_WARN_UNGUARDED_AVAILABILITY = YES_AGGRESSIVE;
				CLANG_WARN_UNREACHABLE_CODE = YES;
				CLANG_WARN__DUPLICATE_METHOD_MATCH = YES;
				CODE_SIGN_IDENTITY = "iPhone Developer";
				COPY_PHASE_STRIP = NO;
				DEBUG_INFORMATION_FORMAT = dwarf;
				ENABLE_STRICT_OBJC_MSGSEND = YES;
				ENABLE_TESTABILITY = YES;
				GCC_C_LANGUAGE_STANDARD = gnu11;
				GCC_DYNAMIC_NO_PIC = NO;
				GCC_NO_COMMON_BLOCKS = YES;
				GCC_OPTIMIZATION_LEVEL = 0;
				GCC_PREPROCESSOR_DEFINITIONS = (
					"DEBUG=1",
					"$(inherited)",
				);
				GCC_WARN_64_TO_32_BIT_CONVERSION = YES;
				GCC_WARN_ABOUT_RETURN_TYPE = YES_ERROR;
				GCC_WARN_UNDECLARED_SELECTOR = YES;
				GCC_WARN_UNINITIALIZED_AUTOS = YES_AGGRESSIVE;
				GCC_WARN_UNUSED_FUNCTION = YES;
				GCC_WARN_UNUSED_VARIABLE = YES;
				IPHONEOS_DEPLOYMENT_TARGET = 10.0;
				MTL_ENABLE_DEBUG_INFO = INCLUDE_SOURCE;
				MTL_FAST_MATH = YES;
				ONLY_ACTIVE_ARCH = YES;
				SDKROOT = iphoneos;
				SWIFT_ACTIVE_COMPILATION_CONDITIONS = DEBUG;
				SWIFT_OPTIMIZATION_LEVEL = "-Onone";
			};
			name = Debug;
		};
		6D62611023EAB811008407D0 /* Release */ = {
			isa = XCBuildConfiguration;
			buildSettings = {
				ALWAYS_SEARCH_USER_PATHS = NO;
				CLANG_ANALYZER_NONNULL = YES;
				CLANG_ANALYZER_NUMBER_OBJECT_CONVERSION = YES_AGGRESSIVE;
				CLANG_CXX_LANGUAGE_STANDARD = "gnu++14";
				CLANG_CXX_LIBRARY = "libc++";
				CLANG_ENABLE_MODULES = YES;
				CLANG_ENABLE_OBJC_ARC = YES;
				CLANG_ENABLE_OBJC_WEAK = YES;
				CLANG_WARN_BLOCK_CAPTURE_AUTORELEASING = YES;
				CLANG_WARN_BOOL_CONVERSION = YES;
				CLANG_WARN_COMMA = YES;
				CLANG_WARN_CONSTANT_CONVERSION = YES;
				CLANG_WARN_DEPRECATED_OBJC_IMPLEMENTATIONS = YES;
				CLANG_WARN_DIRECT_OBJC_ISA_USAGE = YES_ERROR;
				CLANG_WARN_DOCUMENTATION_COMMENTS = YES;
				CLANG_WARN_EMPTY_BODY = YES;
				CLANG_WARN_ENUM_CONVERSION = YES;
				CLANG_WARN_INFINITE_RECURSION = YES;
				CLANG_WARN_INT_CONVERSION = YES;
				CLANG_WARN_NON_LITERAL_NULL_CONVERSION = YES;
				CLANG_WARN_OBJC_IMPLICIT_RETAIN_SELF = YES;
				CLANG_WARN_OBJC_LITERAL_CONVERSION = YES;
				CLANG_WARN_OBJC_ROOT_CLASS = YES_ERROR;
				CLANG_WARN_RANGE_LOOP_ANALYSIS = YES;
				CLANG_WARN_STRICT_PROTOTYPES = YES;
				CLANG_WARN_SUSPICIOUS_MOVE = YES;
				CLANG_WARN_UNGUARDED_AVAILABILITY = YES_AGGRESSIVE;
				CLANG_WARN_UNREACHABLE_CODE = YES;
				CLANG_WARN__DUPLICATE_METHOD_MATCH = YES;
				CODE_SIGN_IDENTITY = "iPhone Developer";
				COPY_PHASE_STRIP = NO;
				DEBUG_INFORMATION_FORMAT = "dwarf-with-dsym";
				ENABLE_NS_ASSERTIONS = NO;
				ENABLE_STRICT_OBJC_MSGSEND = YES;
				GCC_C_LANGUAGE_STANDARD = gnu11;
				GCC_NO_COMMON_BLOCKS = YES;
				GCC_WARN_64_TO_32_BIT_CONVERSION = YES;
				GCC_WARN_ABOUT_RETURN_TYPE = YES_ERROR;
				GCC_WARN_UNDECLARED_SELECTOR = YES;
				GCC_WARN_UNINITIALIZED_AUTOS = YES_AGGRESSIVE;
				GCC_WARN_UNUSED_FUNCTION = YES;
				GCC_WARN_UNUSED_VARIABLE = YES;
				IPHONEOS_DEPLOYMENT_TARGET = 10.0;
				MTL_ENABLE_DEBUG_INFO = NO;
				MTL_FAST_MATH = YES;
				SDKROOT = iphoneos;
				SWIFT_COMPILATION_MODE = wholemodule;
				SWIFT_OPTIMIZATION_LEVEL = "-O";
				VALIDATE_PRODUCT = YES;
			};
			name = Release;
		};
		6D62611223EAB811008407D0 /* Debug */ = {
			isa = XCBuildConfiguration;
			baseConfigurationReference = E4688123A82A53132E39318B /* Pods-AllOne.debug.xcconfig */;
			buildSettings = {
				ASSETCATALOG_COMPILER_APPICON_NAME = AppIcon;
				CODE_SIGN_STYLE = Manual;
				DEVELOPMENT_TEAM = HR558286L3;
				INFOPLIST_FILE = AllOne/Info.plist;
				LD_RUNPATH_SEARCH_PATHS = (
					"$(inherited)",
					"@executable_path/Frameworks",
				);
				PRODUCT_BUNDLE_IDENTIFIER = com.absoluit.umiDriver;
				PRODUCT_NAME = "$(TARGET_NAME)";
				PROVISIONING_PROFILE_SPECIFIER = Umi_Driver_Dev_New;
				SWIFT_VERSION = 5.0;
				TARGETED_DEVICE_FAMILY = "1,2";
			};
			name = Debug;
		};
		6D62611323EAB811008407D0 /* Release */ = {
			isa = XCBuildConfiguration;
			baseConfigurationReference = BDD0ABC06CFE12059F14C9D7 /* Pods-AllOne.release.xcconfig */;
			buildSettings = {
				ASSETCATALOG_COMPILER_APPICON_NAME = AppIcon;
				CODE_SIGN_STYLE = Manual;
				DEVELOPMENT_TEAM = HR558286L3;
				INFOPLIST_FILE = AllOne/Info.plist;
				LD_RUNPATH_SEARCH_PATHS = (
					"$(inherited)",
					"@executable_path/Frameworks",
				);
				PRODUCT_BUNDLE_IDENTIFIER = com.absoluit.umiDriver;
				PRODUCT_NAME = "$(TARGET_NAME)";
				PROVISIONING_PROFILE_SPECIFIER = Umi_Driver_Dev_New;
				SWIFT_VERSION = 5.0;
				TARGETED_DEVICE_FAMILY = "1,2";
			};
			name = Release;
		};
/* End XCBuildConfiguration section */

/* Begin XCConfigurationList section */
		6D6260FA23EAB80F008407D0 /* Build configuration list for PBXProject "AllOne" */ = {
			isa = XCConfigurationList;
			buildConfigurations = (
				6D62610F23EAB811008407D0 /* Debug */,
				6D62611023EAB811008407D0 /* Release */,
			);
			defaultConfigurationIsVisible = 0;
			defaultConfigurationName = Release;
		};
		6D62611123EAB811008407D0 /* Build configuration list for PBXNativeTarget "AllOne" */ = {
			isa = XCConfigurationList;
			buildConfigurations = (
				6D62611223EAB811008407D0 /* Debug */,
				6D62611323EAB811008407D0 /* Release */,
			);
			defaultConfigurationIsVisible = 0;
			defaultConfigurationName = Release;
		};
/* End XCConfigurationList section */
	};
	rootObject = 6D6260F723EAB80F008407D0 /* Project object */;
}
